
Microsoft Visual Studio Solution File, Format Version 12.00
Project("{FAE04EC0-301F-11D3-BF4B-00C04F79EFBC}") = "HackAssembler", "HackAssembler\HackAssembler.csproj", "{6FC1DBD8-1C84-45BC-A390-CD3CFD1D0D82}"
EndProject
Project("{FAE04EC0-301F-11D3-BF4B-00C04F79EFBC}") = "HackAssembler.Core", "HackAssembler.Core\HackAssembler.Core.csproj", "{ACCBF5AF-3D6A-4CE6-A332-EC75614BB552}"
EndProject
Project("{FAE04EC0-301F-11D3-BF4B-00C04F79EFBC}") = "HackAssembler.Core.Tests", "HackAssembler.Core.Tests\HackAssembler.Core.Tests.csproj", "{A2ED3159-AD81-457A-8D3F-FD67E0121A3A}"
EndProject
Project("{2150E333-8FDC-42A3-9474-1A3956D46DE8}") = "HackAssembler", "HackAssembler", "{D07079E2-6351-4FC6-AC0C-6B54A707E6F4}"
EndProject
Project("{2150E333-8FDC-42A3-9474-1A3956D46DE8}") = "HackVMTranslator", "HackVMTranslator", "{22FC19B7-D60E-4C6C-9AB9-367072E4061A}"
EndProject
Project("{FAE04EC0-301F-11D3-BF4B-00C04F79EFBC}") = "HackVMTranslator.Core", "HackVMTranslator.Core\HackVMTranslator.Core.csproj", "{F5E3C6A8-83F0-4B16-A0AF-011F3AFDF9EA}"
EndProject
Project("{FAE04EC0-301F-11D3-BF4B-00C04F79EFBC}") = "HackVMTranslator", "HackVMTranslator\HackVMTranslator.csproj", "{26777B94-8F69-4B1C-A11E-A23029682330}"
EndProject
Project("{FAE04EC0-301F-11D3-BF4B-00C04F79EFBC}") = "HackVMTranslator.Core.Tests", "HackVMTranslator.Core.Tests\HackVMTranslator.Core.Tests.csproj", "{326BD969-0113-47BD-80E2-50D8FEB5515C}"
EndProject
Project("{2150E333-8FDC-42A3-9474-1A3956D46DE8}") = "JackToXml", "JackToXml", "{5A6D13F8-3BB2-4167-8526-127537F3F93B}"
EndProject
Project("{FAE04EC0-301F-11D3-BF4B-00C04F79EFBC}") = "JackToXml.Core", "JackToXml.Core\JackToXml.Core.csproj", "{437094C6-FE9E-4C1F-BF6E-4F2D2EC73BF2}"
EndProject
Project("{FAE04EC0-301F-11D3-BF4B-00C04F79EFBC}") = "JackToXml.Core.Tests", "JackToXml.Core.Tests\JackToXml.Core.Tests.csproj", "{5C749280-57EC-44BF-AD07-4A98F3B842A3}"
EndProject
Project("{2150E333-8FDC-42A3-9474-1A3956D46DE8}") = "JackCompiler", "JackCompiler", "{DA9F8AED-0F57-4649-83C0-9D49329910B7}"
EndProject
Project("{FAE04EC0-301F-11D3-BF4B-00C04F79EFBC}") = "JackCompiler.Core", "JackCompiler.Core\JackCompiler.Core.csproj", "{3A5C3927-EAB5-4C7E-B3C5-8A9D51E6636B}"
EndProject
Global
	GlobalSection(SolutionConfigurationPlatforms) = preSolution
		Debug|Any CPU = Debug|Any CPU
		Release|Any CPU = Release|Any CPU
	EndGlobalSection
	GlobalSection(ProjectConfigurationPlatforms) = postSolution
		{6FC1DBD8-1C84-45BC-A390-CD3CFD1D0D82}.Debug|Any CPU.ActiveCfg = Debug|Any CPU
		{6FC1DBD8-1C84-45BC-A390-CD3CFD1D0D82}.Debug|Any CPU.Build.0 = Debug|Any CPU
		{6FC1DBD8-1C84-45BC-A390-CD3CFD1D0D82}.Release|Any CPU.ActiveCfg = Release|Any CPU
		{6FC1DBD8-1C84-45BC-A390-CD3CFD1D0D82}.Release|Any CPU.Build.0 = Release|Any CPU
		{ACCBF5AF-3D6A-4CE6-A332-EC75614BB552}.Debug|Any CPU.ActiveCfg = Debug|Any CPU
		{ACCBF5AF-3D6A-4CE6-A332-EC75614BB552}.Debug|Any CPU.Build.0 = Debug|Any CPU
		{ACCBF5AF-3D6A-4CE6-A332-EC75614BB552}.Release|Any CPU.ActiveCfg = Release|Any CPU
		{ACCBF5AF-3D6A-4CE6-A332-EC75614BB552}.Release|Any CPU.Build.0 = Release|Any CPU
		{A2ED3159-AD81-457A-8D3F-FD67E0121A3A}.Debug|Any CPU.ActiveCfg = Debug|Any CPU
		{A2ED3159-AD81-457A-8D3F-FD67E0121A3A}.Debug|Any CPU.Build.0 = Debug|Any CPU
		{A2ED3159-AD81-457A-8D3F-FD67E0121A3A}.Release|Any CPU.ActiveCfg = Release|Any CPU
		{A2ED3159-AD81-457A-8D3F-FD67E0121A3A}.Release|Any CPU.Build.0 = Release|Any CPU
		{F5E3C6A8-83F0-4B16-A0AF-011F3AFDF9EA}.Debug|Any CPU.ActiveCfg = Debug|Any CPU
		{F5E3C6A8-83F0-4B16-A0AF-011F3AFDF9EA}.Debug|Any CPU.Build.0 = Debug|Any CPU
		{F5E3C6A8-83F0-4B16-A0AF-011F3AFDF9EA}.Release|Any CPU.ActiveCfg = Release|Any CPU
		{F5E3C6A8-83F0-4B16-A0AF-011F3AFDF9EA}.Release|Any CPU.Build.0 = Release|Any CPU
		{26777B94-8F69-4B1C-A11E-A23029682330}.Debug|Any CPU.ActiveCfg = Debug|Any CPU
		{26777B94-8F69-4B1C-A11E-A23029682330}.Debug|Any CPU.Build.0 = Debug|Any CPU
		{26777B94-8F69-4B1C-A11E-A23029682330}.Release|Any CPU.ActiveCfg = Release|Any CPU
		{26777B94-8F69-4B1C-A11E-A23029682330}.Release|Any CPU.Build.0 = Release|Any CPU
		{326BD969-0113-47BD-80E2-50D8FEB5515C}.Debug|Any CPU.ActiveCfg = Debug|Any CPU
		{326BD969-0113-47BD-80E2-50D8FEB5515C}.Debug|Any CPU.Build.0 = Debug|Any CPU
		{326BD969-0113-47BD-80E2-50D8FEB5515C}.Release|Any CPU.ActiveCfg = Release|Any CPU
		{326BD969-0113-47BD-80E2-50D8FEB5515C}.Release|Any CPU.Build.0 = Release|Any CPU
		{437094C6-FE9E-4C1F-BF6E-4F2D2EC73BF2}.Debug|Any CPU.ActiveCfg = Debug|Any CPU
		{437094C6-FE9E-4C1F-BF6E-4F2D2EC73BF2}.Debug|Any CPU.Build.0 = Debug|Any CPU
		{437094C6-FE9E-4C1F-BF6E-4F2D2EC73BF2}.Release|Any CPU.ActiveCfg = Release|Any CPU
		{437094C6-FE9E-4C1F-BF6E-4F2D2EC73BF2}.Release|Any CPU.Build.0 = Release|Any CPU
		{5C749280-57EC-44BF-AD07-4A98F3B842A3}.Debug|Any CPU.ActiveCfg = Debug|Any CPU
		{5C749280-57EC-44BF-AD07-4A98F3B842A3}.Debug|Any CPU.Build.0 = Debug|Any CPU
		{5C749280-57EC-44BF-AD07-4A98F3B842A3}.Release|Any CPU.ActiveCfg = Release|Any CPU
		{5C749280-57EC-44BF-AD07-4A98F3B842A3}.Release|Any CPU.Build.0 = Release|Any CPU
		{3A5C3927-EAB5-4C7E-B3C5-8A9D51E6636B}.Debug|Any CPU.ActiveCfg = Debug|Any CPU
		{3A5C3927-EAB5-4C7E-B3C5-8A9D51E6636B}.Debug|Any CPU.Build.0 = Debug|Any CPU
		{3A5C3927-EAB5-4C7E-B3C5-8A9D51E6636B}.Release|Any CPU.ActiveCfg = Release|Any CPU
		{3A5C3927-EAB5-4C7E-B3C5-8A9D51E6636B}.Release|Any CPU.Build.0 = Release|Any CPU
	EndGlobalSection
	GlobalSection(NestedProjects) = preSolution
		{6FC1DBD8-1C84-45BC-A390-CD3CFD1D0D82} = {D07079E2-6351-4FC6-AC0C-6B54A707E6F4}
		{ACCBF5AF-3D6A-4CE6-A332-EC75614BB552} = {D07079E2-6351-4FC6-AC0C-6B54A707E6F4}
		{A2ED3159-AD81-457A-8D3F-FD67E0121A3A} = {D07079E2-6351-4FC6-AC0C-6B54A707E6F4}
		{F5E3C6A8-83F0-4B16-A0AF-011F3AFDF9EA} = {22FC19B7-D60E-4C6C-9AB9-367072E4061A}
		{26777B94-8F69-4B1C-A11E-A23029682330} = {22FC19B7-D60E-4C6C-9AB9-367072E4061A}
		{326BD969-0113-47BD-80E2-50D8FEB5515C} = {22FC19B7-D60E-4C6C-9AB9-367072E4061A}
		{437094C6-FE9E-4C1F-BF6E-4F2D2EC73BF2} = {5A6D13F8-3BB2-4167-8526-127537F3F93B}
		{5C749280-57EC-44BF-AD07-4A98F3B842A3} = {5A6D13F8-3BB2-4167-8526-127537F3F93B}
		{3A5C3927-EAB5-4C7E-B3C5-8A9D51E6636B} = {DA9F8AED-0F57-4649-83C0-9D49329910B7}
	EndGlobalSection
EndGlobal
